
Microsoft Visual Studio Solution File, Format Version 12.00
# Visual Studio Version 17
VisualStudioVersion = 17.14.36301.6
MinimumVisualStudioVersion = 10.0.40219.1
Project("{FAE04EC0-301F-11D3-BF4B-00C04F79EFBC}") = "RealiTLScanner GUI", "RealiTLScanner GUI.csproj", "{66943A6A-A714-45A9-B00F-575110D3CA2B}"
EndProject
Global
	GlobalSection(SolutionConfigurationPlatforms) = preSolution
		Debug|Any CPU = Debug|Any CPU
		Release|Any CPU = Release|Any CPU
	EndGlobalSection
	GlobalSection(ProjectConfigurationPlatforms) = postSolution
		{66943A6A-A714-45A9-B00F-575110D3CA2B}.Debug|Any CPU.ActiveCfg = Debug|Any CPU
		{66943A6A-A714-45A9-B00F-575110D3CA2B}.Debug|Any CPU.Build.0 = Debug|Any CPU
		{66943A6A-A714-45A9-B00F-575110D3CA2B}.Release|Any CPU.ActiveCfg = Release|Any CPU
		{66943A6A-A714-45A9-B00F-575110D3CA2B}.Release|Any CPU.Build.0 = Release|Any CPU
	EndGlobalSection
	GlobalSection(SolutionProperties) = preSolution
		HideSolutionNode = FALSE
	EndGlobalSection
	GlobalSection(ExtensibilityGlobals) = postSolution
		SolutionGuid = {3873FD26-7F50-4003-86C7-C9800ED740AA}
	EndGlobalSection
EndGlobal
